
Microsoft Visual Studio Solution File, Format Version 12.00
# Visual Studio Version 17
VisualStudioVersion = 17.9.34622.214
MinimumVisualStudioVersion = 10.0.40219.1
Project("{2150E333-8FDC-42A3-9474-1A3956D46DE8}") = "Framework", "Framework", "{E6E0624F-58D9-4683-AC00-275AF11223DA}"
EndProject
Project("{9A19103F-16F7-4668-BE54-9A1E7A4F7556}") = "Framework", "Framework\Framework\Framework.csproj", "{4FD51710-5C6A-4162-9589-E08A961534B8}"
EndProject
Project("{2150E333-8FDC-42A3-9474-1A3956D46DE8}") = "Hosting", "Hosting", "{0CF9BE79-7026-4534-84F6-20D0FF6FBE37}"
EndProject
Project("{9A19103F-16F7-4668-BE54-9A1E7A4F7556}") = "MNG", "Hosting\MNG\MNG.csproj", "{0A03BA59-5D36-4DB6-9770-9082BD5C7150}"
EndProject
Project("{9A19103F-16F7-4668-BE54-9A1E7A4F7556}") = "API", "Hosting\API\API.csproj", "{F4230308-173C-4F22-B8F0-55EF52577FD4}"
EndProject
Project("{2150E333-8FDC-42A3-9474-1A3956D46DE8}") = "Modules", "Modules", "{824B55B7-39BF-4A61-A148-889BFE0C7593}"
EndProject
Project("{2150E333-8FDC-42A3-9474-1A3956D46DE8}") = "Core", "Core", "{17BE1D03-0F3C-47BC-B8F2-97231AE6790A}"
EndProject
Project("{9A19103F-16F7-4668-BE54-9A1E7A4F7556}") = "Core.DataAccess", "Modules\Core\Core.DataAccess\Core.DataAccess.csproj", "{8C8048C2-2555-461B-B8DE-3C4A4E111B65}"
EndProject
Project("{9A19103F-16F7-4668-BE54-9A1E7A4F7556}") = "Core.BusinessComponent", "Modules\Core\Core.BusinessComponent\Core.BusinessComponent.csproj", "{63F513C8-31F6-4615-A4D5-2F6015ABBA2D}"
EndProject
Project("{9A19103F-16F7-4668-BE54-9A1E7A4F7556}") = "Core.BusinessEntity", "Modules\Core\Core.BusinessEntity\Core.BusinessEntity.csproj", "{1FBF12EE-1361-4803-BB8E-A854EBA3C664}"
EndProject
Project("{9A19103F-16F7-4668-BE54-9A1E7A4F7556}") = "Core.ScheduleService", "Modules\Core\Core.ScheduleService\Core.ScheduleService.csproj", "{CE9B413F-F352-4616-9E45-6CD1E25163A5}"
EndProject
Project("{9A19103F-16F7-4668-BE54-9A1E7A4F7556}") = "Core.Service", "Modules\Core\Core.Service\Core.Service.csproj", "{139E6DFA-90C9-46A0-B860-E3F8097989C7}"
EndProject
Project("{9A19103F-16F7-4668-BE54-9A1E7A4F7556}") = "Core.ServiceInterface", "Modules\Core\Core.ServiceInterface\Core.ServiceInterface.csproj", "{70A6A45C-20DA-407C-B021-BAA630D88487}"
EndProject
Project("{2150E333-8FDC-42A3-9474-1A3956D46DE8}") = "Photo", "Photo", "{3305ADA7-6F78-45EA-8981-8525E71DFB3F}"
EndProject
Project("{9A19103F-16F7-4668-BE54-9A1E7A4F7556}") = "Photo.DataAccess", "Modules\Photo\Photo.DataAccess\Photo.DataAccess.csproj", "{EA76B8D2-C388-44DB-86A5-82FEDCC582D1}"
EndProject
Project("{9A19103F-16F7-4668-BE54-9A1E7A4F7556}") = "Photo.BusinessComponent", "Modules\Photo\Photo.BusinessComponent\Photo.BusinessComponent.csproj", "{C59894DF-3169-4CF1-B2A2-9ED933AAFAEA}"
EndProject
Project("{9A19103F-16F7-4668-BE54-9A1E7A4F7556}") = "Photo.BusinessEntity", "Modules\Photo\Photo.BusinessEntity\Photo.BusinessEntity.csproj", "{A8385E2A-ED9E-4DCA-9AF1-06BE6C51A8F7}"
EndProject
Project("{9A19103F-16F7-4668-BE54-9A1E7A4F7556}") = "Photo.ScheduleService", "Modules\Photo\Photo.ScheduleService\Photo.ScheduleService.csproj", "{78B93956-482A-4F81-B071-4C0131834681}"
EndProject
Project("{9A19103F-16F7-4668-BE54-9A1E7A4F7556}") = "Photo.Service", "Modules\Photo\Photo.Service\Photo.Service.csproj", "{8B5211E6-F2E1-4337-8E93-D5FA2EBB7138}"
EndProject
Project("{9A19103F-16F7-4668-BE54-9A1E7A4F7556}") = "Photo.ServiceInterface", "Modules\Photo\Photo.ServiceInterface\Photo.ServiceInterface.csproj", "{696F36CC-A269-4E66-8091-5009EC21DFCB}"
EndProject
Project("{2150E333-8FDC-42A3-9474-1A3956D46DE8}") = "Test", "Test", "{A97A5B31-FE45-41F3-91CB-632AD972AB7D}"
EndProject
Project("{9A19103F-16F7-4668-BE54-9A1E7A4F7556}") = "Photo.Test", "Test\Photo.Test.csproj", "{E5212E5B-A3D5-48AF-B0BC-5E14BD10E778}"
EndProject
Project("{9A19103F-16F7-4668-BE54-9A1E7A4F7556}") = "AspNet", "..\..\..\..\1028\QN02\EDF\src\EDF\EDF-NET8\SourceCode\AspNet\AspNet\AspNet.csproj", "{7EE49DC4-4372-4C76-AEF6-2AE9D96F4AF6}"
EndProject
Global
	GlobalSection(SolutionConfigurationPlatforms) = preSolution
		Debug|Any CPU = Debug|Any CPU
		Release|Any CPU = Release|Any CPU
	EndGlobalSection
	GlobalSection(ProjectConfigurationPlatforms) = postSolution
		{4FD51710-5C6A-4162-9589-E08A961534B8}.Debug|Any CPU.ActiveCfg = Debug|Any CPU
		{4FD51710-5C6A-4162-9589-E08A961534B8}.Debug|Any CPU.Build.0 = Debug|Any CPU
		{4FD51710-5C6A-4162-9589-E08A961534B8}.Release|Any CPU.ActiveCfg = Release|Any CPU
		{4FD51710-5C6A-4162-9589-E08A961534B8}.Release|Any CPU.Build.0 = Release|Any CPU
		{0A03BA59-5D36-4DB6-9770-9082BD5C7150}.Debug|Any CPU.ActiveCfg = Debug|Any CPU
		{0A03BA59-5D36-4DB6-9770-9082BD5C7150}.Debug|Any CPU.Build.0 = Debug|Any CPU
		{0A03BA59-5D36-4DB6-9770-9082BD5C7150}.Release|Any CPU.ActiveCfg = Release|Any CPU
		{0A03BA59-5D36-4DB6-9770-9082BD5C7150}.Release|Any CPU.Build.0 = Release|Any CPU
		{F4230308-173C-4F22-B8F0-55EF52577FD4}.Debug|Any CPU.ActiveCfg = Debug|Any CPU
		{F4230308-173C-4F22-B8F0-55EF52577FD4}.Debug|Any CPU.Build.0 = Debug|Any CPU
		{F4230308-173C-4F22-B8F0-55EF52577FD4}.Release|Any CPU.ActiveCfg = Release|Any CPU
		{F4230308-173C-4F22-B8F0-55EF52577FD4}.Release|Any CPU.Build.0 = Release|Any CPU
		{8C8048C2-2555-461B-B8DE-3C4A4E111B65}.Debug|Any CPU.ActiveCfg = Debug|Any CPU
		{8C8048C2-2555-461B-B8DE-3C4A4E111B65}.Debug|Any CPU.Build.0 = Debug|Any CPU
		{8C8048C2-2555-461B-B8DE-3C4A4E111B65}.Release|Any CPU.ActiveCfg = Release|Any CPU
		{8C8048C2-2555-461B-B8DE-3C4A4E111B65}.Release|Any CPU.Build.0 = Release|Any CPU
		{63F513C8-31F6-4615-A4D5-2F6015ABBA2D}.Debug|Any CPU.ActiveCfg = Debug|Any CPU
		{63F513C8-31F6-4615-A4D5-2F6015ABBA2D}.Debug|Any CPU.Build.0 = Debug|Any CPU
		{63F513C8-31F6-4615-A4D5-2F6015ABBA2D}.Release|Any CPU.ActiveCfg = Release|Any CPU
		{63F513C8-31F6-4615-A4D5-2F6015ABBA2D}.Release|Any CPU.Build.0 = Release|Any CPU
		{1FBF12EE-1361-4803-BB8E-A854EBA3C664}.Debug|Any CPU.ActiveCfg = Debug|Any CPU
		{1FBF12EE-1361-4803-BB8E-A854EBA3C664}.Debug|Any CPU.Build.0 = Debug|Any CPU
		{1FBF12EE-1361-4803-BB8E-A854EBA3C664}.Release|Any CPU.ActiveCfg = Release|Any CPU
		{1FBF12EE-1361-4803-BB8E-A854EBA3C664}.Release|Any CPU.Build.0 = Release|Any CPU
		{CE9B413F-F352-4616-9E45-6CD1E25163A5}.Debug|Any CPU.ActiveCfg = Debug|Any CPU
		{CE9B413F-F352-4616-9E45-6CD1E25163A5}.Debug|Any CPU.Build.0 = Debug|Any CPU
		{CE9B413F-F352-4616-9E45-6CD1E25163A5}.Release|Any CPU.ActiveCfg = Release|Any CPU
		{CE9B413F-F352-4616-9E45-6CD1E25163A5}.Release|Any CPU.Build.0 = Release|Any CPU
		{139E6DFA-90C9-46A0-B860-E3F8097989C7}.Debug|Any CPU.ActiveCfg = Debug|Any CPU
		{139E6DFA-90C9-46A0-B860-E3F8097989C7}.Debug|Any CPU.Build.0 = Debug|Any CPU
		{139E6DFA-90C9-46A0-B860-E3F8097989C7}.Release|Any CPU.ActiveCfg = Release|Any CPU
		{139E6DFA-90C9-46A0-B860-E3F8097989C7}.Release|Any CPU.Build.0 = Release|Any CPU
		{70A6A45C-20DA-407C-B021-BAA630D88487}.Debug|Any CPU.ActiveCfg = Debug|Any CPU
		{70A6A45C-20DA-407C-B021-BAA630D88487}.Debug|Any CPU.Build.0 = Debug|Any CPU
		{70A6A45C-20DA-407C-B021-BAA630D88487}.Release|Any CPU.ActiveCfg = Release|Any CPU
		{70A6A45C-20DA-407C-B021-BAA630D88487}.Release|Any CPU.Build.0 = Release|Any CPU
		{EA76B8D2-C388-44DB-86A5-82FEDCC582D1}.Debug|Any CPU.ActiveCfg = Debug|Any CPU
		{EA76B8D2-C388-44DB-86A5-82FEDCC582D1}.Debug|Any CPU.Build.0 = Debug|Any CPU
		{EA76B8D2-C388-44DB-86A5-82FEDCC582D1}.Release|Any CPU.ActiveCfg = Release|Any CPU
		{EA76B8D2-C388-44DB-86A5-82FEDCC582D1}.Release|Any CPU.Build.0 = Release|Any CPU
		{C59894DF-3169-4CF1-B2A2-9ED933AAFAEA}.Debug|Any CPU.ActiveCfg = Debug|Any CPU
		{C59894DF-3169-4CF1-B2A2-9ED933AAFAEA}.Debug|Any CPU.Build.0 = Debug|Any CPU
		{C59894DF-3169-4CF1-B2A2-9ED933AAFAEA}.Release|Any CPU.ActiveCfg = Release|Any CPU
		{C59894DF-3169-4CF1-B2A2-9ED933AAFAEA}.Release|Any CPU.Build.0 = Release|Any CPU
		{A8385E2A-ED9E-4DCA-9AF1-06BE6C51A8F7}.Debug|Any CPU.ActiveCfg = Debug|Any CPU
		{A8385E2A-ED9E-4DCA-9AF1-06BE6C51A8F7}.Debug|Any CPU.Build.0 = Debug|Any CPU
		{A8385E2A-ED9E-4DCA-9AF1-06BE6C51A8F7}.Release|Any CPU.ActiveCfg = Release|Any CPU
		{A8385E2A-ED9E-4DCA-9AF1-06BE6C51A8F7}.Release|Any CPU.Build.0 = Release|Any CPU
		{78B93956-482A-4F81-B071-4C0131834681}.Debug|Any CPU.ActiveCfg = Debug|Any CPU
		{78B93956-482A-4F81-B071-4C0131834681}.Debug|Any CPU.Build.0 = Debug|Any CPU
		{78B93956-482A-4F81-B071-4C0131834681}.Release|Any CPU.ActiveCfg = Release|Any CPU
		{78B93956-482A-4F81-B071-4C0131834681}.Release|Any CPU.Build.0 = Release|Any CPU
		{8B5211E6-F2E1-4337-8E93-D5FA2EBB7138}.Debug|Any CPU.ActiveCfg = Debug|Any CPU
		{8B5211E6-F2E1-4337-8E93-D5FA2EBB7138}.Debug|Any CPU.Build.0 = Debug|Any CPU
		{8B5211E6-F2E1-4337-8E93-D5FA2EBB7138}.Release|Any CPU.ActiveCfg = Release|Any CPU
		{8B5211E6-F2E1-4337-8E93-D5FA2EBB7138}.Release|Any CPU.Build.0 = Release|Any CPU
		{696F36CC-A269-4E66-8091-5009EC21DFCB}.Debug|Any CPU.ActiveCfg = Debug|Any CPU
		{696F36CC-A269-4E66-8091-5009EC21DFCB}.Debug|Any CPU.Build.0 = Debug|Any CPU
		{696F36CC-A269-4E66-8091-5009EC21DFCB}.Release|Any CPU.ActiveCfg = Release|Any CPU
		{696F36CC-A269-4E66-8091-5009EC21DFCB}.Release|Any CPU.Build.0 = Release|Any CPU
		{E5212E5B-A3D5-48AF-B0BC-5E14BD10E778}.Debug|Any CPU.ActiveCfg = Debug|Any CPU
		{E5212E5B-A3D5-48AF-B0BC-5E14BD10E778}.Debug|Any CPU.Build.0 = Debug|Any CPU
		{E5212E5B-A3D5-48AF-B0BC-5E14BD10E778}.Release|Any CPU.ActiveCfg = Release|Any CPU
		{E5212E5B-A3D5-48AF-B0BC-5E14BD10E778}.Release|Any CPU.Build.0 = Release|Any CPU
		{7EE49DC4-4372-4C76-AEF6-2AE9D96F4AF6}.Debug|Any CPU.ActiveCfg = Debug|Any CPU
		{7EE49DC4-4372-4C76-AEF6-2AE9D96F4AF6}.Debug|Any CPU.Build.0 = Debug|Any CPU
		{7EE49DC4-4372-4C76-AEF6-2AE9D96F4AF6}.Release|Any CPU.ActiveCfg = Release|Any CPU
		{7EE49DC4-4372-4C76-AEF6-2AE9D96F4AF6}.Release|Any CPU.Build.0 = Release|Any CPU
	EndGlobalSection
	GlobalSection(SolutionProperties) = preSolution
		HideSolutionNode = FALSE
	EndGlobalSection
	GlobalSection(NestedProjects) = preSolution
		{4FD51710-5C6A-4162-9589-E08A961534B8} = {E6E0624F-58D9-4683-AC00-275AF11223DA}
		{0A03BA59-5D36-4DB6-9770-9082BD5C7150} = {0CF9BE79-7026-4534-84F6-20D0FF6FBE37}
		{F4230308-173C-4F22-B8F0-55EF52577FD4} = {0CF9BE79-7026-4534-84F6-20D0FF6FBE37}
		{17BE1D03-0F3C-47BC-B8F2-97231AE6790A} = {824B55B7-39BF-4A61-A148-889BFE0C7593}
		{8C8048C2-2555-461B-B8DE-3C4A4E111B65} = {17BE1D03-0F3C-47BC-B8F2-97231AE6790A}
		{63F513C8-31F6-4615-A4D5-2F6015ABBA2D} = {17BE1D03-0F3C-47BC-B8F2-97231AE6790A}
		{1FBF12EE-1361-4803-BB8E-A854EBA3C664} = {17BE1D03-0F3C-47BC-B8F2-97231AE6790A}
		{CE9B413F-F352-4616-9E45-6CD1E25163A5} = {17BE1D03-0F3C-47BC-B8F2-97231AE6790A}
		{139E6DFA-90C9-46A0-B860-E3F8097989C7} = {17BE1D03-0F3C-47BC-B8F2-97231AE6790A}
		{70A6A45C-20DA-407C-B021-BAA630D88487} = {17BE1D03-0F3C-47BC-B8F2-97231AE6790A}
		{3305ADA7-6F78-45EA-8981-8525E71DFB3F} = {824B55B7-39BF-4A61-A148-889BFE0C7593}
		{EA76B8D2-C388-44DB-86A5-82FEDCC582D1} = {3305ADA7-6F78-45EA-8981-8525E71DFB3F}
		{C59894DF-3169-4CF1-B2A2-9ED933AAFAEA} = {3305ADA7-6F78-45EA-8981-8525E71DFB3F}
		{A8385E2A-ED9E-4DCA-9AF1-06BE6C51A8F7} = {3305ADA7-6F78-45EA-8981-8525E71DFB3F}
		{78B93956-482A-4F81-B071-4C0131834681} = {3305ADA7-6F78-45EA-8981-8525E71DFB3F}
		{8B5211E6-F2E1-4337-8E93-D5FA2EBB7138} = {3305ADA7-6F78-45EA-8981-8525E71DFB3F}
		{696F36CC-A269-4E66-8091-5009EC21DFCB} = {3305ADA7-6F78-45EA-8981-8525E71DFB3F}
		{E5212E5B-A3D5-48AF-B0BC-5E14BD10E778} = {A97A5B31-FE45-41F3-91CB-632AD972AB7D}
		{7EE49DC4-4372-4C76-AEF6-2AE9D96F4AF6} = {E6E0624F-58D9-4683-AC00-275AF11223DA}
	EndGlobalSection
	GlobalSection(ExtensibilityGlobals) = postSolution
		SolutionGuid = {8CF180F8-2322-4953-93CE-07CCA60020C2}
	EndGlobalSection
EndGlobal
